
Microsoft Visual Studio Solution File, Format Version 12.00
# Visual Studio Version 16
VisualStudioVersion = 16.0.30011.22
MinimumVisualStudioVersion = 10.0.40219.1
Project("{FAE04EC0-301F-11D3-BF4B-00C04F79EFBC}") = "TrayClock", "TrayClock\TrayClock.csproj", "{751792B6-4156-4711-A189-FB9EFF4734FB}"
EndProject
Global
	GlobalSection(SolutionConfigurationPlatforms) = preSolution
		Debug|Any CPU = Debug|Any CPU
		Release|Any CPU = Release|Any CPU
	EndGlobalSection
	GlobalSection(ProjectConfigurationPlatforms) = postSolution
		{751792B6-4156-4711-A189-FB9EFF4734FB}.Debug|Any CPU.ActiveCfg = Debug|Any CPU
		{751792B6-4156-4711-A189-FB9EFF4734FB}.Debug|Any CPU.Build.0 = Debug|Any CPU
		{751792B6-4156-4711-A189-FB9EFF4734FB}.Release|Any CPU.ActiveCfg = Release|Any CPU
		{751792B6-4156-4711-A189-FB9EFF4734FB}.Release|Any CPU.Build.0 = Release|Any CPU
	EndGlobalSection
	GlobalSection(SolutionProperties) = preSolution
		HideSolutionNode = FALSE
	EndGlobalSection
	GlobalSection(ExtensibilityGlobals) = postSolution
		SolutionGuid = {AFEA3456-DD07-4D9D-8D12-B5A9C2DD6EB6}
	EndGlobalSection
EndGlobal
